
Microsoft Visual Studio Solution File, Format Version 12.00
# Visual Studio Version 16
VisualStudioVersion = 16.0.810.20
MinimumVisualStudioVersion = 10.0.40219.1
Project("{FAE04EC0-301F-11D3-BF4B-00C04F79EFBC}") = "CSharpFundamentals", "CSharpFundamentals.csproj", "{8D075C7B-78A0-4859-9841-53D4B2A15C84}"
EndProject
Project("{FAE04EC0-301F-11D3-BF4B-00C04F79EFBC}") = "SeleniumLearning", "SeleniumLearning\SeleniumLearning.csproj", "{F4E48FD8-E95A-48D4-99FA-41AC003EF816}"
EndProject
Global
	GlobalSection(SolutionConfigurationPlatforms) = preSolution
		Debug|Any CPU = Debug|Any CPU
		Release|Any CPU = Release|Any CPU
	EndGlobalSection
	GlobalSection(ProjectConfigurationPlatforms) = postSolution
		{8D075C7B-78A0-4859-9841-53D4B2A15C84}.Debug|Any CPU.ActiveCfg = Debug|Any CPU
		{8D075C7B-78A0-4859-9841-53D4B2A15C84}.Debug|Any CPU.Build.0 = Debug|Any CPU
		{8D075C7B-78A0-4859-9841-53D4B2A15C84}.Release|Any CPU.ActiveCfg = Release|Any CPU
		{8D075C7B-78A0-4859-9841-53D4B2A15C84}.Release|Any CPU.Build.0 = Release|Any CPU
		{F4E48FD8-E95A-48D4-99FA-41AC003EF816}.Debug|Any CPU.ActiveCfg = Debug|Any CPU
		{F4E48FD8-E95A-48D4-99FA-41AC003EF816}.Debug|Any CPU.Build.0 = Debug|Any CPU
		{F4E48FD8-E95A-48D4-99FA-41AC003EF816}.Release|Any CPU.ActiveCfg = Release|Any CPU
		{F4E48FD8-E95A-48D4-99FA-41AC003EF816}.Release|Any CPU.Build.0 = Release|Any CPU
	EndGlobalSection
	GlobalSection(SolutionProperties) = preSolution
		HideSolutionNode = FALSE
	EndGlobalSection
	GlobalSection(ExtensibilityGlobals) = postSolution
		SolutionGuid = {50278178-E090-4117-8ABD-907490656858}
	EndGlobalSection
EndGlobal
